
Microsoft Visual Studio Solution File, Format Version 12.00
# Visual Studio Version 16
VisualStudioVersion = 16.0.29215.179
MinimumVisualStudioVersion = 10.0.40219.1
Project("{FAE04EC0-301F-11D3-BF4B-00C04F79EFBC}") = "testing", "testing\testing.csproj", "{8B92BE7E-8594-40FF-BC97-369EEF6B14F0}"
EndProject
Project("{FAE04EC0-301F-11D3-BF4B-00C04F79EFBC}") = "ClassLibrary1", "..\ClassLibrary1\ClassLibrary1.csproj", "{70268C9D-8FB4-4604-9FEE-18D8C76E97F4}"
EndProject
Global
	GlobalSection(SolutionConfigurationPlatforms) = preSolution
		Debug|Any CPU = Debug|Any CPU
		Release|Any CPU = Release|Any CPU
	EndGlobalSection
	GlobalSection(ProjectConfigurationPlatforms) = postSolution
		{8B92BE7E-8594-40FF-BC97-369EEF6B14F0}.Debug|Any CPU.ActiveCfg = Debug|Any CPU
		{8B92BE7E-8594-40FF-BC97-369EEF6B14F0}.Debug|Any CPU.Build.0 = Debug|Any CPU
		{8B92BE7E-8594-40FF-BC97-369EEF6B14F0}.Release|Any CPU.ActiveCfg = Release|Any CPU
		{8B92BE7E-8594-40FF-BC97-369EEF6B14F0}.Release|Any CPU.Build.0 = Release|Any CPU
		{70268C9D-8FB4-4604-9FEE-18D8C76E97F4}.Debug|Any CPU.ActiveCfg = Debug|Any CPU
		{70268C9D-8FB4-4604-9FEE-18D8C76E97F4}.Debug|Any CPU.Build.0 = Debug|Any CPU
		{70268C9D-8FB4-4604-9FEE-18D8C76E97F4}.Release|Any CPU.ActiveCfg = Release|Any CPU
		{70268C9D-8FB4-4604-9FEE-18D8C76E97F4}.Release|Any CPU.Build.0 = Release|Any CPU
	EndGlobalSection
	GlobalSection(SolutionProperties) = preSolution
		HideSolutionNode = FALSE
	EndGlobalSection
	GlobalSection(ExtensibilityGlobals) = postSolution
		SolutionGuid = {994E7A7B-6FD3-4527-91E0-444BBF8ABB7C}
	EndGlobalSection
EndGlobal
